
Microsoft Visual Studio Solution File, Format Version 12.00
# Visual Studio Version 17
VisualStudioVersion = 17.4.33213.308
MinimumVisualStudioVersion = 10.0.40219.1
Project("{FAE04EC0-301F-11D3-BF4B-00C04F79EFBC}") = "Paint", "Paint\Paint.csproj", "{DC24C839-DF4A-422F-8C63-97532557EE4E}"
EndProject
Global
	GlobalSection(SolutionConfigurationPlatforms) = preSolution
		Debug|Any CPU = Debug|Any CPU
		Release|Any CPU = Release|Any CPU
	EndGlobalSection
	GlobalSection(ProjectConfigurationPlatforms) = postSolution
		{DC24C839-DF4A-422F-8C63-97532557EE4E}.Debug|Any CPU.ActiveCfg = Debug|Any CPU
		{DC24C839-DF4A-422F-8C63-97532557EE4E}.Debug|Any CPU.Build.0 = Debug|Any CPU
		{DC24C839-DF4A-422F-8C63-97532557EE4E}.Release|Any CPU.ActiveCfg = Release|Any CPU
		{DC24C839-DF4A-422F-8C63-97532557EE4E}.Release|Any CPU.Build.0 = Release|Any CPU
	EndGlobalSection
	GlobalSection(SolutionProperties) = preSolution
		HideSolutionNode = FALSE
	EndGlobalSection
	GlobalSection(ExtensibilityGlobals) = postSolution
		SolutionGuid = {4DD1BA19-A5C2-4550-93E3-5B8CD1E2D274}
	EndGlobalSection
EndGlobal
