
Microsoft Visual Studio Solution File, Format Version 12.00
# Visual Studio Version 17
VisualStudioVersion = 17.4.33213.308
MinimumVisualStudioVersion = 10.0.40219.1
Project("{9A19103F-16F7-4668-BE54-9A1E7A4F7556}") = "Paint", "Paint\Paint.csproj", "{DC24C839-DF4A-422F-8C63-97532557EE4E}"
EndProject
Project("{9A19103F-16F7-4668-BE54-9A1E7A4F7556}") = "MyContract", "MyContract\MyContract.csproj", "{D740DF7D-0ACB-4BCB-99E0-9FF8330B9625}"
EndProject
Project("{9A19103F-16F7-4668-BE54-9A1E7A4F7556}") = "LineAbility", "LineAbility\LineAbility.csproj", "{DE5B7834-B62D-484B-946B-2E0A066D2728}"
EndProject
Project("{9A19103F-16F7-4668-BE54-9A1E7A4F7556}") = "EllipseAbility", "EclipseAbility\EllipseAbility.csproj", "{6DEAC556-6049-4ED8-B8A6-4C280B4193A1}"
EndProject
Project("{9A19103F-16F7-4668-BE54-9A1E7A4F7556}") = "RectangleAbility", "RectangleAbility\RectangleAbility.csproj", "{248A0F19-FF40-4A08-AAFD-2652E9355DB9}"
EndProject
Project("{9A19103F-16F7-4668-BE54-9A1E7A4F7556}") = "MyHeart", "MyHeart\MyHeart.csproj", "{5EC46718-70F5-4B22-8469-12FDF20EDBF8}"
EndProject
Project("{9A19103F-16F7-4668-BE54-9A1E7A4F7556}") = "TextInputAbility", "TextInputAbility\TextInputAbility.csproj", "{ADE92E24-1604-4006-A02F-E4580545DD11}"
EndProject
Project("{9A19103F-16F7-4668-BE54-9A1E7A4F7556}") = "ImageAbility", "ImageAbility\ImageAbility.csproj", "{626D24C2-53AB-4AF7-98B8-5BEBEAC7233E}"
EndProject
Global
	GlobalSection(SolutionConfigurationPlatforms) = preSolution
		Debug|Any CPU = Debug|Any CPU
		Release|Any CPU = Release|Any CPU
	EndGlobalSection
	GlobalSection(ProjectConfigurationPlatforms) = postSolution
		{DC24C839-DF4A-422F-8C63-97532557EE4E}.Debug|Any CPU.ActiveCfg = Debug|Any CPU
		{DC24C839-DF4A-422F-8C63-97532557EE4E}.Debug|Any CPU.Build.0 = Debug|Any CPU
		{DC24C839-DF4A-422F-8C63-97532557EE4E}.Release|Any CPU.ActiveCfg = Release|Any CPU
		{DC24C839-DF4A-422F-8C63-97532557EE4E}.Release|Any CPU.Build.0 = Release|Any CPU
		{D740DF7D-0ACB-4BCB-99E0-9FF8330B9625}.Debug|Any CPU.ActiveCfg = Debug|Any CPU
		{D740DF7D-0ACB-4BCB-99E0-9FF8330B9625}.Debug|Any CPU.Build.0 = Debug|Any CPU
		{D740DF7D-0ACB-4BCB-99E0-9FF8330B9625}.Release|Any CPU.ActiveCfg = Release|Any CPU
		{D740DF7D-0ACB-4BCB-99E0-9FF8330B9625}.Release|Any CPU.Build.0 = Release|Any CPU
		{DE5B7834-B62D-484B-946B-2E0A066D2728}.Debug|Any CPU.ActiveCfg = Debug|Any CPU
		{DE5B7834-B62D-484B-946B-2E0A066D2728}.Debug|Any CPU.Build.0 = Debug|Any CPU
		{DE5B7834-B62D-484B-946B-2E0A066D2728}.Release|Any CPU.ActiveCfg = Release|Any CPU
		{DE5B7834-B62D-484B-946B-2E0A066D2728}.Release|Any CPU.Build.0 = Release|Any CPU
		{6DEAC556-6049-4ED8-B8A6-4C280B4193A1}.Debug|Any CPU.ActiveCfg = Debug|Any CPU
		{6DEAC556-6049-4ED8-B8A6-4C280B4193A1}.Debug|Any CPU.Build.0 = Debug|Any CPU
		{6DEAC556-6049-4ED8-B8A6-4C280B4193A1}.Release|Any CPU.ActiveCfg = Release|Any CPU
		{6DEAC556-6049-4ED8-B8A6-4C280B4193A1}.Release|Any CPU.Build.0 = Release|Any CPU
		{248A0F19-FF40-4A08-AAFD-2652E9355DB9}.Debug|Any CPU.ActiveCfg = Debug|Any CPU
		{248A0F19-FF40-4A08-AAFD-2652E9355DB9}.Debug|Any CPU.Build.0 = Debug|Any CPU
		{248A0F19-FF40-4A08-AAFD-2652E9355DB9}.Release|Any CPU.ActiveCfg = Release|Any CPU
		{248A0F19-FF40-4A08-AAFD-2652E9355DB9}.Release|Any CPU.Build.0 = Release|Any CPU
		{5EC46718-70F5-4B22-8469-12FDF20EDBF8}.Debug|Any CPU.ActiveCfg = Debug|Any CPU
		{5EC46718-70F5-4B22-8469-12FDF20EDBF8}.Debug|Any CPU.Build.0 = Debug|Any CPU
		{5EC46718-70F5-4B22-8469-12FDF20EDBF8}.Release|Any CPU.ActiveCfg = Release|Any CPU
		{5EC46718-70F5-4B22-8469-12FDF20EDBF8}.Release|Any CPU.Build.0 = Release|Any CPU
		{ADE92E24-1604-4006-A02F-E4580545DD11}.Debug|Any CPU.ActiveCfg = Debug|Any CPU
		{ADE92E24-1604-4006-A02F-E4580545DD11}.Debug|Any CPU.Build.0 = Debug|Any CPU
		{ADE92E24-1604-4006-A02F-E4580545DD11}.Release|Any CPU.ActiveCfg = Release|Any CPU
		{ADE92E24-1604-4006-A02F-E4580545DD11}.Release|Any CPU.Build.0 = Release|Any CPU
		{626D24C2-53AB-4AF7-98B8-5BEBEAC7233E}.Debug|Any CPU.ActiveCfg = Debug|Any CPU
		{626D24C2-53AB-4AF7-98B8-5BEBEAC7233E}.Debug|Any CPU.Build.0 = Debug|Any CPU
		{626D24C2-53AB-4AF7-98B8-5BEBEAC7233E}.Release|Any CPU.ActiveCfg = Release|Any CPU
		{626D24C2-53AB-4AF7-98B8-5BEBEAC7233E}.Release|Any CPU.Build.0 = Release|Any CPU
	EndGlobalSection
	GlobalSection(SolutionProperties) = preSolution
		HideSolutionNode = FALSE
	EndGlobalSection
	GlobalSection(ExtensibilityGlobals) = postSolution
		SolutionGuid = {4DD1BA19-A5C2-4550-93E3-5B8CD1E2D274}
	EndGlobalSection
EndGlobal
